// !$*UTF8*$!
{
	archiveVersion = 1;
	classes = {
	};
	objectVersion = 50;
	objects = {

/* Begin PBXBuildFile section */
		3F8032C026A4DFD3005AE755 /* CGFloat+Extension.swift in Sources */ = {isa = PBXBuildFile; fileRef = 3F8032BF26A4DFD3005AE755 /* CGFloat+Extension.swift */; };
		3F8032C226A4E5BE005AE755 /* ValueAnimator.swift in Sources */ = {isa = PBXBuildFile; fileRef = 3F8032C126A4E5BE005AE755 /* ValueAnimator.swift */; };
		3F8032C526A4E68D005AE755 /* NSLayoutConstraint+Extension.swift in Sources */ = {isa = PBXBuildFile; fileRef = 3F8032C426A4E68D005AE755 /* NSLayoutConstraint+Extension.swift */; };
		3FB3E5D526A3293600732EC0 /* AppDelegate.swift in Sources */ = {isa = PBXBuildFile; fileRef = 3FB3E5D426A3293600732EC0 /* AppDelegate.swift */; };
		3FB3E5D726A3293600732EC0 /* SceneDelegate.swift in Sources */ = {isa = PBXBuildFile; fileRef = 3FB3E5D626A3293600732EC0 /* SceneDelegate.swift */; };
		3FB3E5D926A3293600732EC0 /* ViewController.swift in Sources */ = {isa = PBXBuildFile; fileRef = 3FB3E5D826A3293600732EC0 /* ViewController.swift */; };
		3FB3E5DC26A3293600732EC0 /* Main.storyboard in Resources */ = {isa = PBXBuildFile; fileRef = 3FB3E5DA26A3293600732EC0 /* Main.storyboard */; };
		3FB3E5DE26A3293700732EC0 /* Assets.xcassets in Resources */ = {isa = PBXBuildFile; fileRef = 3FB3E5DD26A3293700732EC0 /* Assets.xcassets */; };
		3FB3E5E126A3293700732EC0 /* LaunchScreen.storyboard in Resources */ = {isa = PBXBuildFile; fileRef = 3FB3E5DF26A3293700732EC0 /* LaunchScreen.storyboard */; };
		3FB3E5EC26A3293700732EC0 /* GojekTests.swift in Sources */ = {isa = PBXBuildFile; fileRef = 3FB3E5EB26A3293700732EC0 /* GojekTests.swift */; };
		3FB3E5F726A3293700732EC0 /* GojekUITests.swift in Sources */ = {isa = PBXBuildFile; fileRef = 3FB3E5F626A3293700732EC0 /* GojekUITests.swift */; };
		3FB3E60526A32C3E00732EC0 /* UIView+Extension.swift in Sources */ = {isa = PBXBuildFile; fileRef = 3FB3E60426A32C3E00732EC0 /* UIView+Extension.swift */; };
		3FC5CB4E26A576A700F0ED05 /* UIColor+Extension.swift in Sources */ = {isa = PBXBuildFile; fileRef = 3FC5CB4D26A576A700F0ED05 /* UIColor+Extension.swift */; };
		3FC5CB5026A577C800F0ED05 /* Color+Hex.swift in Sources */ = {isa = PBXBuildFile; fileRef = 3FC5CB4F26A577C800F0ED05 /* Color+Hex.swift */; };
		3FC5CB5226A5806C00F0ED05 /* ServicesView.swift in Sources */ = {isa = PBXBuildFile; fileRef = 3FC5CB5126A5806C00F0ED05 /* ServicesView.swift */; };
		3FC5CB5626A5870500F0ED05 /* Apply.swift in Sources */ = {isa = PBXBuildFile; fileRef = 3FC5CB5526A5870500F0ED05 /* Apply.swift */; };
		3FC5CB5826A5A35700F0ED05 /* UIView+GestureRecognizer.swift in Sources */ = {isa = PBXBuildFile; fileRef = 3FC5CB5726A5A35700F0ED05 /* UIView+GestureRecognizer.swift */; };
		3FC5CB5A26A5AA6E00F0ED05 /* GestureRecognizer+Helper.swift in Sources */ = {isa = PBXBuildFile; fileRef = 3FC5CB5926A5AA6E00F0ED05 /* GestureRecognizer+Helper.swift */; };
		3FC5CB6B26A5AE7400F0ED05 /* ServicesPageView.swift in Sources */ = {isa = PBXBuildFile; fileRef = 3FC5CB6A26A5AE7400F0ED05 /* ServicesPageView.swift */; };
		3FC5CB6F26A5B07900F0ED05 /* ServicesPageView.xib in Resources */ = {isa = PBXBuildFile; fileRef = 3FC5CB6E26A5B07900F0ED05 /* ServicesPageView.xib */; };
		3FE7CDC926A64692000A4E45 /* ServicesView.xib in Resources */ = {isa = PBXBuildFile; fileRef = 3FE7CDC826A64692000A4E45 /* ServicesView.xib */; };
		3FE7CDCC26A646B7000A4E45 /* HomeServicesViewController.swift in Sources */ = {isa = PBXBuildFile; fileRef = 3FE7CDCA26A646B7000A4E45 /* HomeServicesViewController.swift */; };
		3FE7CDCD26A646B7000A4E45 /* HomeServicesViewController.xib in Resources */ = {isa = PBXBuildFile; fileRef = 3FE7CDCB26A646B7000A4E45 /* HomeServicesViewController.xib */; };
/* End PBXBuildFile section */

/* Begin PBXContainerItemProxy section */
		3FB3E5E826A3293700732EC0 /* PBXContainerItemProxy */ = {
			isa = PBXContainerItemProxy;
			containerPortal = 3FB3E5C926A3293500732EC0 /* Project object */;
			proxyType = 1;
			remoteGlobalIDString = 3FB3E5D026A3293600732EC0;
			remoteInfo = Gojek;
		};
		3FB3E5F326A3293700732EC0 /* PBXContainerItemProxy */ = {
			isa = PBXContainerItemProxy;
			containerPortal = 3FB3E5C926A3293500732EC0 /* Project object */;
			proxyType = 1;
			remoteGlobalIDString = 3FB3E5D026A3293600732EC0;
			remoteInfo = Gojek;
		};
/* End PBXContainerItemProxy section */

/* Begin PBXFileReference section */
		3F8032BF26A4DFD3005AE755 /* CGFloat+Extension.swift */ = {isa = PBXFileReference; lastKnownFileType = sourcecode.swift; path = "CGFloat+Extension.swift"; sourceTree = "<group>"; };
		3F8032C126A4E5BE005AE755 /* ValueAnimator.swift */ = {isa = PBXFileReference; lastKnownFileType = sourcecode.swift; path = ValueAnimator.swift; sourceTree = "<group>"; };
		3F8032C426A4E68D005AE755 /* NSLayoutConstraint+Extension.swift */ = {isa = PBXFileReference; lastKnownFileType = sourcecode.swift; path = "NSLayoutConstraint+Extension.swift"; sourceTree = "<group>"; };
		3FB3E5D126A3293600732EC0 /* Gojek.app */ = {isa = PBXFileReference; explicitFileType = wrapper.application; includeInIndex = 0; path = Gojek.app; sourceTree = BUILT_PRODUCTS_DIR; };
		3FB3E5D426A3293600732EC0 /* AppDelegate.swift */ = {isa = PBXFileReference; lastKnownFileType = sourcecode.swift; path = AppDelegate.swift; sourceTree = "<group>"; };
		3FB3E5D626A3293600732EC0 /* SceneDelegate.swift */ = {isa = PBXFileReference; lastKnownFileType = sourcecode.swift; path = SceneDelegate.swift; sourceTree = "<group>"; };
		3FB3E5D826A3293600732EC0 /* ViewController.swift */ = {isa = PBXFileReference; lastKnownFileType = sourcecode.swift; path = ViewController.swift; sourceTree = "<group>"; };
		3FB3E5DB26A3293600732EC0 /* Base */ = {isa = PBXFileReference; lastKnownFileType = file.storyboard; name = Base; path = Base.lproj/Main.storyboard; sourceTree = "<group>"; };
		3FB3E5DD26A3293700732EC0 /* Assets.xcassets */ = {isa = PBXFileReference; lastKnownFileType = folder.assetcatalog; path = Assets.xcassets; sourceTree = "<group>"; };
		3FB3E5E026A3293700732EC0 /* Base */ = {isa = PBXFileReference; lastKnownFileType = file.storyboard; name = Base; path = Base.lproj/LaunchScreen.storyboard; sourceTree = "<group>"; };
		3FB3E5E226A3293700732EC0 /* Info.plist */ = {isa = PBXFileReference; lastKnownFileType = text.plist.xml; path = Info.plist; sourceTree = "<group>"; };
		3FB3E5E726A3293700732EC0 /* GojekTests.xctest */ = {isa = PBXFileReference; explicitFileType = wrapper.cfbundle; includeInIndex = 0; path = GojekTests.xctest; sourceTree = BUILT_PRODUCTS_DIR; };
		3FB3E5EB26A3293700732EC0 /* GojekTests.swift */ = {isa = PBXFileReference; lastKnownFileType = sourcecode.swift; path = GojekTests.swift; sourceTree = "<group>"; };
		3FB3E5ED26A3293700732EC0 /* Info.plist */ = {isa = PBXFileReference; lastKnownFileType = text.plist.xml; path = Info.plist; sourceTree = "<group>"; };
		3FB3E5F226A3293700732EC0 /* GojekUITests.xctest */ = {isa = PBXFileReference; explicitFileType = wrapper.cfbundle; includeInIndex = 0; path = GojekUITests.xctest; sourceTree = BUILT_PRODUCTS_DIR; };
		3FB3E5F626A3293700732EC0 /* GojekUITests.swift */ = {isa = PBXFileReference; lastKnownFileType = sourcecode.swift; path = GojekUITests.swift; sourceTree = "<group>"; };
		3FB3E5F826A3293700732EC0 /* Info.plist */ = {isa = PBXFileReference; lastKnownFileType = text.plist.xml; path = Info.plist; sourceTree = "<group>"; };
		3FB3E60426A32C3E00732EC0 /* UIView+Extension.swift */ = {isa = PBXFileReference; lastKnownFileType = sourcecode.swift; path = "UIView+Extension.swift"; sourceTree = "<group>"; };
		3FC5CB4D26A576A700F0ED05 /* UIColor+Extension.swift */ = {isa = PBXFileReference; lastKnownFileType = sourcecode.swift; path = "UIColor+Extension.swift"; sourceTree = "<group>"; };
		3FC5CB4F26A577C800F0ED05 /* Color+Hex.swift */ = {isa = PBXFileReference; lastKnownFileType = sourcecode.swift; path = "Color+Hex.swift"; sourceTree = "<group>"; };
		3FC5CB5126A5806C00F0ED05 /* ServicesView.swift */ = {isa = PBXFileReference; lastKnownFileType = sourcecode.swift; path = ServicesView.swift; sourceTree = "<group>"; };
		3FC5CB5526A5870500F0ED05 /* Apply.swift */ = {isa = PBXFileReference; lastKnownFileType = sourcecode.swift; path = Apply.swift; sourceTree = "<group>"; };
		3FC5CB5726A5A35700F0ED05 /* UIView+GestureRecognizer.swift */ = {isa = PBXFileReference; lastKnownFileType = sourcecode.swift; path = "UIView+GestureRecognizer.swift"; sourceTree = "<group>"; };
		3FC5CB5926A5AA6E00F0ED05 /* GestureRecognizer+Helper.swift */ = {isa = PBXFileReference; lastKnownFileType = sourcecode.swift; path = "GestureRecognizer+Helper.swift"; sourceTree = "<group>"; };
		3FC5CB6A26A5AE7400F0ED05 /* ServicesPageView.swift */ = {isa = PBXFileReference; lastKnownFileType = sourcecode.swift; path = ServicesPageView.swift; sourceTree = "<group>"; };
		3FC5CB6E26A5B07900F0ED05 /* ServicesPageView.xib */ = {isa = PBXFileReference; fileEncoding = 4; lastKnownFileType = file.xib; path = ServicesPageView.xib; sourceTree = "<group>"; };
		3FE7CDC826A64692000A4E45 /* ServicesView.xib */ = {isa = PBXFileReference; fileEncoding = 4; lastKnownFileType = file.xib; path = ServicesView.xib; sourceTree = "<group>"; };
		3FE7CDCA26A646B7000A4E45 /* HomeServicesViewController.swift */ = {isa = PBXFileReference; lastKnownFileType = sourcecode.swift; path = HomeServicesViewController.swift; sourceTree = "<group>"; };
		3FE7CDCB26A646B7000A4E45 /* HomeServicesViewController.xib */ = {isa = PBXFileReference; lastKnownFileType = file.xib; path = HomeServicesViewController.xib; sourceTree = "<group>"; };
/* End PBXFileReference section */

/* Begin PBXFrameworksBuildPhase section */
		3FB3E5CE26A3293600732EC0 /* Frameworks */ = {
			isa = PBXFrameworksBuildPhase;
			buildActionMask = 2147483647;
			files = (
			);
			runOnlyForDeploymentPostprocessing = 0;
		};
		3FB3E5E426A3293700732EC0 /* Frameworks */ = {
			isa = PBXFrameworksBuildPhase;
			buildActionMask = 2147483647;
			files = (
			);
			runOnlyForDeploymentPostprocessing = 0;
		};
		3FB3E5EF26A3293700732EC0 /* Frameworks */ = {
			isa = PBXFrameworksBuildPhase;
			buildActionMask = 2147483647;
			files = (
			);
			runOnlyForDeploymentPostprocessing = 0;
		};
/* End PBXFrameworksBuildPhase section */

/* Begin PBXGroup section */
		3F8032C326A4E678005AE755 /* Extensions */ = {
			isa = PBXGroup;
			children = (
				3FB3E60426A32C3E00732EC0 /* UIView+Extension.swift */,
				3F8032BF26A4DFD3005AE755 /* CGFloat+Extension.swift */,
				3F8032C426A4E68D005AE755 /* NSLayoutConstraint+Extension.swift */,
				3FC5CB4D26A576A700F0ED05 /* UIColor+Extension.swift */,
				3FC5CB4F26A577C800F0ED05 /* Color+Hex.swift */,
				3FC5CB5526A5870500F0ED05 /* Apply.swift */,
				3FC5CB5726A5A35700F0ED05 /* UIView+GestureRecognizer.swift */,
				3FC5CB5926A5AA6E00F0ED05 /* GestureRecognizer+Helper.swift */,
			);
			path = Extensions;
			sourceTree = "<group>";
		};
		3FB3E5C826A3293500732EC0 = {
			isa = PBXGroup;
			children = (
				3FB3E5D326A3293600732EC0 /* Gojek */,
				3FB3E5EA26A3293700732EC0 /* GojekTests */,
				3FB3E5F526A3293700732EC0 /* GojekUITests */,
				3FB3E5D226A3293600732EC0 /* Products */,
			);
			sourceTree = "<group>";
		};
		3FB3E5D226A3293600732EC0 /* Products */ = {
			isa = PBXGroup;
			children = (
				3FB3E5D126A3293600732EC0 /* Gojek.app */,
				3FB3E5E726A3293700732EC0 /* GojekTests.xctest */,
				3FB3E5F226A3293700732EC0 /* GojekUITests.xctest */,
			);
			name = Products;
			sourceTree = "<group>";
		};
		3FB3E5D326A3293600732EC0 /* Gojek */ = {
			isa = PBXGroup;
			children = (
				3FC5CB5B26A5AB5700F0ED05 /* UI */,
				3FB3E5D426A3293600732EC0 /* AppDelegate.swift */,
				3FB3E5D626A3293600732EC0 /* SceneDelegate.swift */,
				3FB3E5D826A3293600732EC0 /* ViewController.swift */,
				3FB3E5DA26A3293600732EC0 /* Main.storyboard */,
				3FB3E5DD26A3293700732EC0 /* Assets.xcassets */,
				3FB3E5DF26A3293700732EC0 /* LaunchScreen.storyboard */,
				3FB3E5E226A3293700732EC0 /* Info.plist */,
				3F8032C126A4E5BE005AE755 /* ValueAnimator.swift */,
				3F8032C326A4E678005AE755 /* Extensions */,
			);
			path = Gojek;
			sourceTree = "<group>";
		};
		3FB3E5EA26A3293700732EC0 /* GojekTests */ = {
			isa = PBXGroup;
			children = (
				3FB3E5EB26A3293700732EC0 /* GojekTests.swift */,
				3FB3E5ED26A3293700732EC0 /* Info.plist */,
			);
			path = GojekTests;
			sourceTree = "<group>";
		};
		3FB3E5F526A3293700732EC0 /* GojekUITests */ = {
			isa = PBXGroup;
			children = (
				3FB3E5F626A3293700732EC0 /* GojekUITests.swift */,
				3FB3E5F826A3293700732EC0 /* Info.plist */,
			);
			path = GojekUITests;
			sourceTree = "<group>";
		};
		3FC5CB5B26A5AB5700F0ED05 /* UI */ = {
			isa = PBXGroup;
			children = (
				3FC5CB5C26A5AB5E00F0ED05 /* Home */,
			);
			path = UI;
			sourceTree = "<group>";
		};
		3FC5CB5C26A5AB5E00F0ED05 /* Home */ = {
			isa = PBXGroup;
			children = (
				3FC5CB6A26A5AE7400F0ED05 /* ServicesPageView.swift */,
				3FC5CB6E26A5B07900F0ED05 /* ServicesPageView.xib */,
				3FE7CDC826A64692000A4E45 /* ServicesView.xib */,
				3FC5CB5126A5806C00F0ED05 /* ServicesView.swift */,
				3FE7CDCA26A646B7000A4E45 /* HomeServicesViewController.swift */,
				3FE7CDCB26A646B7000A4E45 /* HomeServicesViewController.xib */,
			);
			path = Home;
			sourceTree = "<group>";
		};
/* End PBXGroup section */

/* Begin PBXNativeTarget section */
		3FB3E5D026A3293600732EC0 /* Gojek */ = {
			isa = PBXNativeTarget;
			buildConfigurationList = 3FB3E5FB26A3293700732EC0 /* Build configuration list for PBXNativeTarget "Gojek" */;
			buildPhases = (
				3FB3E5CD26A3293600732EC0 /* Sources */,
				3FB3E5CE26A3293600732EC0 /* Frameworks */,
				3FB3E5CF26A3293600732EC0 /* Resources */,
			);
			buildRules = (
			);
			dependencies = (
			);
			name = Gojek;
			productName = Gojek;
			productReference = 3FB3E5D126A3293600732EC0 /* Gojek.app */;
			productType = "com.apple.product-type.application";
		};
		3FB3E5E626A3293700732EC0 /* GojekTests */ = {
			isa = PBXNativeTarget;
			buildConfigurationList = 3FB3E5FE26A3293700732EC0 /* Build configuration list for PBXNativeTarget "GojekTests" */;
			buildPhases = (
				3FB3E5E326A3293700732EC0 /* Sources */,
				3FB3E5E426A3293700732EC0 /* Frameworks */,
				3FB3E5E526A3293700732EC0 /* Resources */,
			);
			buildRules = (
			);
			dependencies = (
				3FB3E5E926A3293700732EC0 /* PBXTargetDependency */,
			);
			name = GojekTests;
			productName = GojekTests;
			productReference = 3FB3E5E726A3293700732EC0 /* GojekTests.xctest */;
			productType = "com.apple.product-type.bundle.unit-test";
		};
		3FB3E5F126A3293700732EC0 /* GojekUITests */ = {
			isa = PBXNativeTarget;
			buildConfigurationList = 3FB3E60126A3293700732EC0 /* Build configuration list for PBXNativeTarget "GojekUITests" */;
			buildPhases = (
				3FB3E5EE26A3293700732EC0 /* Sources */,
				3FB3E5EF26A3293700732EC0 /* Frameworks */,
				3FB3E5F026A3293700732EC0 /* Resources */,
			);
			buildRules = (
			);
			dependencies = (
				3FB3E5F426A3293700732EC0 /* PBXTargetDependency */,
			);
			name = GojekUITests;
			productName = GojekUITests;
			productReference = 3FB3E5F226A3293700732EC0 /* GojekUITests.xctest */;
			productType = "com.apple.product-type.bundle.ui-testing";
		};
/* End PBXNativeTarget section */

/* Begin PBXProject section */
		3FB3E5C926A3293500732EC0 /* Project object */ = {
			isa = PBXProject;
			attributes = {
				LastSwiftUpdateCheck = 1250;
				LastUpgradeCheck = 1250;
				TargetAttributes = {
					3FB3E5D026A3293600732EC0 = {
						CreatedOnToolsVersion = 12.5.1;
					};
					3FB3E5E626A3293700732EC0 = {
						CreatedOnToolsVersion = 12.5.1;
						TestTargetID = 3FB3E5D026A3293600732EC0;
					};
					3FB3E5F126A3293700732EC0 = {
						CreatedOnToolsVersion = 12.5.1;
						TestTargetID = 3FB3E5D026A3293600732EC0;
					};
				};
			};
			buildConfigurationList = 3FB3E5CC26A3293500732EC0 /* Build configuration list for PBXProject "Gojek" */;
			compatibilityVersion = "Xcode 9.3";
			developmentRegion = en;
			hasScannedForEncodings = 0;
			knownRegions = (
				en,
				Base,
			);
			mainGroup = 3FB3E5C826A3293500732EC0;
			productRefGroup = 3FB3E5D226A3293600732EC0 /* Products */;
			projectDirPath = "";
			projectRoot = "";
			targets = (
				3FB3E5D026A3293600732EC0 /* Gojek */,
				3FB3E5E626A3293700732EC0 /* GojekTests */,
				3FB3E5F126A3293700732EC0 /* GojekUITests */,
			);
		};
/* End PBXProject section */

/* Begin PBXResourcesBuildPhase section */
		3FB3E5CF26A3293600732EC0 /* Resources */ = {
			isa = PBXResourcesBuildPhase;
			buildActionMask = 2147483647;
			files = (
				3FE7CDC926A64692000A4E45 /* ServicesView.xib in Resources */,
				3FB3E5E126A3293700732EC0 /* LaunchScreen.storyboard in Resources */,
				3FC5CB6F26A5B07900F0ED05 /* ServicesPageView.xib in Resources */,
				3FB3E5DE26A3293700732EC0 /* Assets.xcassets in Resources */,
				3FB3E5DC26A3293600732EC0 /* Main.storyboard in Resources */,
				3FE7CDCD26A646B7000A4E45 /* HomeServicesViewController.xib in Resources */,
			);
			runOnlyForDeploymentPostprocessing = 0;
		};
		3FB3E5E526A3293700732EC0 /* Resources */ = {
			isa = PBXResourcesBuildPhase;
			buildActionMask = 2147483647;
			files = (
			);
			runOnlyForDeploymentPostprocessing = 0;
		};
		3FB3E5F026A3293700732EC0 /* Resources */ = {
			isa = PBXResourcesBuildPhase;
			buildActionMask = 2147483647;
			files = (
			);
			runOnlyForDeploymentPostprocessing = 0;
		};
/* End PBXResourcesBuildPhase section */

/* Begin PBXSourcesBuildPhase section */
		3FB3E5CD26A3293600732EC0 /* Sources */ = {
			isa = PBXSourcesBuildPhase;
			buildActionMask = 2147483647;
			files = (
				3FC5CB5826A5A35700F0ED05 /* UIView+GestureRecognizer.swift in Sources */,
				3F8032C226A4E5BE005AE755 /* ValueAnimator.swift in Sources */,
				3FC5CB5626A5870500F0ED05 /* Apply.swift in Sources */,
				3FC5CB5226A5806C00F0ED05 /* ServicesView.swift in Sources */,
				3F8032C526A4E68D005AE755 /* NSLayoutConstraint+Extension.swift in Sources */,
				3FB3E5D926A3293600732EC0 /* ViewController.swift in Sources */,
				3FC5CB4E26A576A700F0ED05 /* UIColor+Extension.swift in Sources */,
				3FB3E5D526A3293600732EC0 /* AppDelegate.swift in Sources */,
				3FE7CDCC26A646B7000A4E45 /* HomeServicesViewController.swift in Sources */,
				3FC5CB5026A577C800F0ED05 /* Color+Hex.swift in Sources */,
				3FB3E60526A32C3E00732EC0 /* UIView+Extension.swift in Sources */,
				3FB3E5D726A3293600732EC0 /* SceneDelegate.swift in Sources */,
				3F8032C026A4DFD3005AE755 /* CGFloat+Extension.swift in Sources */,
				3FC5CB5A26A5AA6E00F0ED05 /* GestureRecognizer+Helper.swift in Sources */,
				3FC5CB6B26A5AE7400F0ED05 /* ServicesPageView.swift in Sources */,
			);
			runOnlyForDeploymentPostprocessing = 0;
		};
		3FB3E5E326A3293700732EC0 /* Sources */ = {
			isa = PBXSourcesBuildPhase;
			buildActionMask = 2147483647;
			files = (
				3FB3E5EC26A3293700732EC0 /* GojekTests.swift in Sources */,
			);
			runOnlyForDeploymentPostprocessing = 0;
		};
		3FB3E5EE26A3293700732EC0 /* Sources */ = {
			isa = PBXSourcesBuildPhase;
			buildActionMask = 2147483647;
			files = (
				3FB3E5F726A3293700732EC0 /* GojekUITests.swift in Sources */,
			);
			runOnlyForDeploymentPostprocessing = 0;
		};
/* End PBXSourcesBuildPhase section */

/* Begin PBXTargetDependency section */
		3FB3E5E926A3293700732EC0 /* PBXTargetDependency */ = {
			isa = PBXTargetDependency;
			target = 3FB3E5D026A3293600732EC0 /* Gojek */;
			targetProxy = 3FB3E5E826A3293700732EC0 /* PBXContainerItemProxy */;
		};
		3FB3E5F426A3293700732EC0 /* PBXTargetDependency */ = {
			isa = PBXTargetDependency;
			target = 3FB3E5D026A3293600732EC0 /* Gojek */;
			targetProxy = 3FB3E5F326A3293700732EC0 /* PBXContainerItemProxy */;
		};
/* End PBXTargetDependency section */

/* Begin PBXVariantGroup section */
		3FB3E5DA26A3293600732EC0 /* Main.storyboard */ = {
			isa = PBXVariantGroup;
			children = (
				3FB3E5DB26A3293600732EC0 /* Base */,
			);
			name = Main.storyboard;
			sourceTree = "<group>";
		};
		3FB3E5DF26A3293700732EC0 /* LaunchScreen.storyboard */ = {
			isa = PBXVariantGroup;
			children = (
				3FB3E5E026A3293700732EC0 /* Base */,
			);
			name = LaunchScreen.storyboard;
			sourceTree = "<group>";
		};
/* End PBXVariantGroup section */

/* Begin XCBuildConfiguration section */
		3FB3E5F926A3293700732EC0 /* Debug */ = {
			isa = XCBuildConfiguration;
			buildSettings = {
				ALWAYS_SEARCH_USER_PATHS = NO;
				CLANG_ANALYZER_NONNULL = YES;
				CLANG_ANALYZER_NUMBER_OBJECT_CONVERSION = YES_AGGRESSIVE;
				CLANG_CXX_LANGUAGE_STANDARD = "gnu++14";
				CLANG_CXX_LIBRARY = "libc++";
				CLANG_ENABLE_MODULES = YES;
				CLANG_ENABLE_OBJC_ARC = YES;
				CLANG_ENABLE_OBJC_WEAK = YES;
				CLANG_WARN_BLOCK_CAPTURE_AUTORELEASING = YES;
				CLANG_WARN_BOOL_CONVERSION = YES;
				CLANG_WARN_COMMA = YES;
				CLANG_WARN_CONSTANT_CONVERSION = YES;
				CLANG_WARN_DEPRECATED_OBJC_IMPLEMENTATIONS = YES;
				CLANG_WARN_DIRECT_OBJC_ISA_USAGE = YES_ERROR;
				CLANG_WARN_DOCUMENTATION_COMMENTS = YES;
				CLANG_WARN_EMPTY_BODY = YES;
				CLANG_WARN_ENUM_CONVERSION = YES;
				CLANG_WARN_INFINITE_RECURSION = YES;
				CLANG_WARN_INT_CONVERSION = YES;
				CLANG_WARN_NON_LITERAL_NULL_CONVERSION = YES;
				CLANG_WARN_OBJC_IMPLICIT_RETAIN_SELF = YES;
				CLANG_WARN_OBJC_LITERAL_CONVERSION = YES;
				CLANG_WARN_OBJC_ROOT_CLASS = YES_ERROR;
				CLANG_WARN_QUOTED_INCLUDE_IN_FRAMEWORK_HEADER = YES;
				CLANG_WARN_RANGE_LOOP_ANALYSIS = YES;
				CLANG_WARN_STRICT_PROTOTYPES = YES;
				CLANG_WARN_SUSPICIOUS_MOVE = YES;
				CLANG_WARN_UNGUARDED_AVAILABILITY = YES_AGGRESSIVE;
				CLANG_WARN_UNREACHABLE_CODE = YES;
				CLANG_WARN__DUPLICATE_METHOD_MATCH = YES;
				COPY_PHASE_STRIP = NO;
				DEBUG_INFORMATION_FORMAT = dwarf;
				ENABLE_STRICT_OBJC_MSGSEND = YES;
				ENABLE_TESTABILITY = YES;
				GCC_C_LANGUAGE_STANDARD = gnu11;
				GCC_DYNAMIC_NO_PIC = NO;
				GCC_NO_COMMON_BLOCKS = YES;
				GCC_OPTIMIZATION_LEVEL = 0;
				GCC_PREPROCESSOR_DEFINITIONS = (
					"DEBUG=1",
					"$(inherited)",
				);
				GCC_WARN_64_TO_32_BIT_CONVERSION = YES;
				GCC_WARN_ABOUT_RETURN_TYPE = YES_ERROR;
				GCC_WARN_UNDECLARED_SELECTOR = YES;
				GCC_WARN_UNINITIALIZED_AUTOS = YES_AGGRESSIVE;
				GCC_WARN_UNUSED_FUNCTION = YES;
				GCC_WARN_UNUSED_VARIABLE = YES;
				IPHONEOS_DEPLOYMENT_TARGET = 14.5;
				MTL_ENABLE_DEBUG_INFO = INCLUDE_SOURCE;
				MTL_FAST_MATH = YES;
				ONLY_ACTIVE_ARCH = YES;
				SDKROOT = iphoneos;
				SWIFT_ACTIVE_COMPILATION_CONDITIONS = DEBUG;
				SWIFT_OPTIMIZATION_LEVEL = "-Onone";
			};
			name = Debug;
		};
		3FB3E5FA26A3293700732EC0 /* Release */ = {
			isa = XCBuildConfiguration;
			buildSettings = {
				ALWAYS_SEARCH_USER_PATHS = NO;
				CLANG_ANALYZER_NONNULL = YES;
				CLANG_ANALYZER_NUMBER_OBJECT_CONVERSION = YES_AGGRESSIVE;
				CLANG_CXX_LANGUAGE_STANDARD = "gnu++14";
				CLANG_CXX_LIBRARY = "libc++";
				CLANG_ENABLE_MODULES = YES;
				CLANG_ENABLE_OBJC_ARC = YES;
				CLANG_ENABLE_OBJC_WEAK = YES;
				CLANG_WARN_BLOCK_CAPTURE_AUTORELEASING = YES;
				CLANG_WARN_BOOL_CONVERSION = YES;
				CLANG_WARN_COMMA = YES;
				CLANG_WARN_CONSTANT_CONVERSION = YES;
				CLANG_WARN_DEPRECATED_OBJC_IMPLEMENTATIONS = YES;
				CLANG_WARN_DIRECT_OBJC_ISA_USAGE = YES_ERROR;
				CLANG_WARN_DOCUMENTATION_COMMENTS = YES;
				CLANG_WARN_EMPTY_BODY = YES;
				CLANG_WARN_ENUM_CONVERSION = YES;
				CLANG_WARN_INFINITE_RECURSION = YES;
				CLANG_WARN_INT_CONVERSION = YES;
				CLANG_WARN_NON_LITERAL_NULL_CONVERSION = YES;
				CLANG_WARN_OBJC_IMPLICIT_RETAIN_SELF = YES;
				CLANG_WARN_OBJC_LITERAL_CONVERSION = YES;
				CLANG_WARN_OBJC_ROOT_CLASS = YES_ERROR;
				CLANG_WARN_QUOTED_INCLUDE_IN_FRAMEWORK_HEADER = YES;
				CLANG_WARN_RANGE_LOOP_ANALYSIS = YES;
				CLANG_WARN_STRICT_PROTOTYPES = YES;
				CLANG_WARN_SUSPICIOUS_MOVE = YES;
				CLANG_WARN_UNGUARDED_AVAILABILITY = YES_AGGRESSIVE;
				CLANG_WARN_UNREACHABLE_CODE = YES;
				CLANG_WARN__DUPLICATE_METHOD_MATCH = YES;
				COPY_PHASE_STRIP = NO;
				DEBUG_INFORMATION_FORMAT = "dwarf-with-dsym";
				ENABLE_NS_ASSERTIONS = NO;
				ENABLE_STRICT_OBJC_MSGSEND = YES;
				GCC_C_LANGUAGE_STANDARD = gnu11;
				GCC_NO_COMMON_BLOCKS = YES;
				GCC_WARN_64_TO_32_BIT_CONVERSION = YES;
				GCC_WARN_ABOUT_RETURN_TYPE = YES_ERROR;
				GCC_WARN_UNDECLARED_SELECTOR = YES;
				GCC_WARN_UNINITIALIZED_AUTOS = YES_AGGRESSIVE;
				GCC_WARN_UNUSED_FUNCTION = YES;
				GCC_WARN_UNUSED_VARIABLE = YES;
				IPHONEOS_DEPLOYMENT_TARGET = 14.5;
				MTL_ENABLE_DEBUG_INFO = NO;
				MTL_FAST_MATH = YES;
				SDKROOT = iphoneos;
				SWIFT_COMPILATION_MODE = wholemodule;
				SWIFT_OPTIMIZATION_LEVEL = "-O";
				VALIDATE_PRODUCT = YES;
			};
			name = Release;
		};
		3FB3E5FC26A3293700732EC0 /* Debug */ = {
			isa = XCBuildConfiguration;
			buildSettings = {
				ASSETCATALOG_COMPILER_APPICON_NAME = AppIcon;
				ASSETCATALOG_COMPILER_GLOBAL_ACCENT_COLOR_NAME = AccentColor;
				CODE_SIGN_STYLE = Automatic;
				DEVELOPMENT_TEAM = E3E3255CM9;
				INFOPLIST_FILE = Gojek/Info.plist;
				IPHONEOS_DEPLOYMENT_TARGET = 14.1;
				LD_RUNPATH_SEARCH_PATHS = (
					"$(inherited)",
					"@executable_path/Frameworks",
				);
				PRODUCT_BUNDLE_IDENTIFIER = com.mayburger.Gojek;
				PRODUCT_NAME = "$(TARGET_NAME)";
				SWIFT_VERSION = 5.0;
				TARGETED_DEVICE_FAMILY = 1;
			};
			name = Debug;
		};
		3FB3E5FD26A3293700732EC0 /* Release */ = {
			isa = XCBuildConfiguration;
			buildSettings = {
				ASSETCATALOG_COMPILER_APPICON_NAME = AppIcon;
				ASSETCATALOG_COMPILER_GLOBAL_ACCENT_COLOR_NAME = AccentColor;
				CODE_SIGN_STYLE = Automatic;
				DEVELOPMENT_TEAM = E3E3255CM9;
				INFOPLIST_FILE = Gojek/Info.plist;
				IPHONEOS_DEPLOYMENT_TARGET = 14.1;
				LD_RUNPATH_SEARCH_PATHS = (
					"$(inherited)",
					"@executable_path/Frameworks",
				);
				PRODUCT_BUNDLE_IDENTIFIER = com.mayburger.Gojek;
				PRODUCT_NAME = "$(TARGET_NAME)";
				SWIFT_VERSION = 5.0;
				TARGETED_DEVICE_FAMILY = 1;
			};
			name = Release;
		};
		3FB3E5FF26A3293700732EC0 /* Debug */ = {
			isa = XCBuildConfiguration;
			buildSettings = {
				ALWAYS_EMBED_SWIFT_STANDARD_LIBRARIES = YES;
				BUNDLE_LOADER = "$(TEST_HOST)";
				CODE_SIGN_STYLE = Automatic;
				DEVELOPMENT_TEAM = E3E3255CM9;
				INFOPLIST_FILE = GojekTests/Info.plist;
				IPHONEOS_DEPLOYMENT_TARGET = 14.5;
				LD_RUNPATH_SEARCH_PATHS = (
					"$(inherited)",
					"@executable_path/Frameworks",
					"@loader_path/Frameworks",
				);
				PRODUCT_BUNDLE_IDENTIFIER = com.mayburger.GojekTests;
				PRODUCT_NAME = "$(TARGET_NAME)";
				SWIFT_VERSION = 5.0;
				TARGETED_DEVICE_FAMILY = "1,2";
				TEST_HOST = "$(BUILT_PRODUCTS_DIR)/Gojek.app/Gojek";
			};
			name = Debug;
		};
		3FB3E60026A3293700732EC0 /* Release */ = {
			isa = XCBuildConfiguration;
			buildSettings = {
				ALWAYS_EMBED_SWIFT_STANDARD_LIBRARIES = YES;
				BUNDLE_LOADER = "$(TEST_HOST)";
				CODE_SIGN_STYLE = Automatic;
				DEVELOPMENT_TEAM = E3E3255CM9;
				INFOPLIST_FILE = GojekTests/Info.plist;
				IPHONEOS_DEPLOYMENT_TARGET = 14.5;
				LD_RUNPATH_SEARCH_PATHS = (
					"$(inherited)",
					"@executable_path/Frameworks",
					"@loader_path/Frameworks",
				);
				PRODUCT_BUNDLE_IDENTIFIER = com.mayburger.GojekTests;
				PRODUCT_NAME = "$(TARGET_NAME)";
				SWIFT_VERSION = 5.0;
				TARGETED_DEVICE_FAMILY = "1,2";
				TEST_HOST = "$(BUILT_PRODUCTS_DIR)/Gojek.app/Gojek";
			};
			name = Release;
		};
		3FB3E60226A3293700732EC0 /* Debug */ = {
			isa = XCBuildConfiguration;
			buildSettings = {
				ALWAYS_EMBED_SWIFT_STANDARD_LIBRARIES = YES;
				CODE_SIGN_STYLE = Automatic;
				DEVELOPMENT_TEAM = E3E3255CM9;
				INFOPLIST_FILE = GojekUITests/Info.plist;
				LD_RUNPATH_SEARCH_PATHS = (
					"$(inherited)",
					"@executable_path/Frameworks",
					"@loader_path/Frameworks",
				);
				PRODUCT_BUNDLE_IDENTIFIER = com.mayburger.GojekUITests;
				PRODUCT_NAME = "$(TARGET_NAME)";
				SWIFT_VERSION = 5.0;
				TARGETED_DEVICE_FAMILY = "1,2";
				TEST_TARGET_NAME = Gojek;
			};
			name = Debug;
		};
		3FB3E60326A3293700732EC0 /* Release */ = {
			isa = XCBuildConfiguration;
			buildSettings = {
				ALWAYS_EMBED_SWIFT_STANDARD_LIBRARIES = YES;
				CODE_SIGN_STYLE = Automatic;
				DEVELOPMENT_TEAM = E3E3255CM9;
				INFOPLIST_FILE = GojekUITests/Info.plist;
				LD_RUNPATH_SEARCH_PATHS = (
					"$(inherited)",
					"@executable_path/Frameworks",
					"@loader_path/Frameworks",
				);
				PRODUCT_BUNDLE_IDENTIFIER = com.mayburger.GojekUITests;
				PRODUCT_NAME = "$(TARGET_NAME)";
				SWIFT_VERSION = 5.0;
				TARGETED_DEVICE_FAMILY = "1,2";
				TEST_TARGET_NAME = Gojek;
			};
			name = Release;
		};
/* End XCBuildConfiguration section */

/* Begin XCConfigurationList section */
		3FB3E5CC26A3293500732EC0 /* Build configuration list for PBXProject "Gojek" */ = {
			isa = XCConfigurationList;
			buildConfigurations = (
				3FB3E5F926A3293700732EC0 /* Debug */,
				3FB3E5FA26A3293700732EC0 /* Release */,
			);
			defaultConfigurationIsVisible = 0;
			defaultConfigurationName = Release;
		};
		3FB3E5FB26A3293700732EC0 /* Build configuration list for PBXNativeTarget "Gojek" */ = {
			isa = XCConfigurationList;
			buildConfigurations = (
				3FB3E5FC26A3293700732EC0 /* Debug */,
				3FB3E5FD26A3293700732EC0 /* Release */,
			);
			defaultConfigurationIsVisible = 0;
			defaultConfigurationName = Release;
		};
		3FB3E5FE26A3293700732EC0 /* Build configuration list for PBXNativeTarget "GojekTests" */ = {
			isa = XCConfigurationList;
			buildConfigurations = (
				3FB3E5FF26A3293700732EC0 /* Debug */,
				3FB3E60026A3293700732EC0 /* Release */,
			);
			defaultConfigurationIsVisible = 0;
			defaultConfigurationName = Release;
		};
		3FB3E60126A3293700732EC0 /* Build configuration list for PBXNativeTarget "GojekUITests" */ = {
			isa = XCConfigurationList;
			buildConfigurations = (
				3FB3E60226A3293700732EC0 /* Debug */,
				3FB3E60326A3293700732EC0 /* Release */,
			);
			defaultConfigurationIsVisible = 0;
			defaultConfigurationName = Release;
		};
/* End XCConfigurationList section */
	};
	rootObject = 3FB3E5C926A3293500732EC0 /* Project object */;
}
